
Microsoft Visual Studio Solution File, Format Version 12.00
# Visual Studio Version 17
VisualStudioVersion = 17.7.34009.444
MinimumVisualStudioVersion = 10.0.40219.1
Project("{8BC9CEB8-8B4A-11D0-8D11-00A0C91BC942}") = "LinearAlgebra", "LinearAlgebra.vcxproj", "{AE6CED16-11B4-411F-AF2A-BAAE4A40F862}"
EndProject
Global
	GlobalSection(SolutionConfigurationPlatforms) = preSolution
		Debug|x64 = Debug|x64
		Debug|x86 = Debug|x86
		Release|x64 = Release|x64
		Release|x86 = Release|x86
	EndGlobalSection
	GlobalSection(ProjectConfigurationPlatforms) = postSolution
		{AE6CED16-11B4-411F-AF2A-BAAE4A40F862}.Debug|x64.ActiveCfg = Debug|x64
		{AE6CED16-11B4-411F-AF2A-BAAE4A40F862}.Debug|x64.Build.0 = Debug|x64
		{AE6CED16-11B4-411F-AF2A-BAAE4A40F862}.Debug|x86.ActiveCfg = Debug|Win32
		{AE6CED16-11B4-411F-AF2A-BAAE4A40F862}.Debug|x86.Build.0 = Debug|Win32
		{AE6CED16-11B4-411F-AF2A-BAAE4A40F862}.Release|x64.ActiveCfg = Release|x64
		{AE6CED16-11B4-411F-AF2A-BAAE4A40F862}.Release|x64.Build.0 = Release|x64
		{AE6CED16-11B4-411F-AF2A-BAAE4A40F862}.Release|x86.ActiveCfg = Release|Win32
		{AE6CED16-11B4-411F-AF2A-BAAE4A40F862}.Release|x86.Build.0 = Release|Win32
	EndGlobalSection
	GlobalSection(SolutionProperties) = preSolution
		HideSolutionNode = FALSE
	EndGlobalSection
	GlobalSection(ExtensibilityGlobals) = postSolution
		SolutionGuid = {C5363563-3610-486F-AB27-D7001344F00C}
	EndGlobalSection
EndGlobal
